
Microsoft Visual Studio Solution File, Format Version 12.00
# Visual Studio 15
VisualStudioVersion = 15.0.27019.1
MinimumVisualStudioVersion = 10.0.40219.1
Project("{FAE04EC0-301F-11D3-BF4B-00C04F79EFBC}") = "XamStarterKit", "XamStarterKit\XamStarterKit.csproj", "{81CC6DAA-6DBD-45FA-99E0-F56C6B09DEA1}"
EndProject
Project("{2150E333-8FDC-42A3-9474-1A3956D46DE8}") = "XForms", "XForms", "{54F63C79-229D-4691-A87F-E5B7E3512BAF}"
EndProject
Project("{FAE04EC0-301F-11D3-BF4B-00C04F79EFBC}") = "XamStarterKit.Forms", "XamStarterKit.Forms\XamStarterKit.Forms.csproj", "{A91047D5-3512-40EF-AEED-A41390DDA8D1}"
EndProject
Project("{FAE04EC0-301F-11D3-BF4B-00C04F79EFBC}") = "XamStarterKit.Forms.Android", "XamStarterKit.Forms.Android\XamStarterKit.Forms.Android.csproj", "{6117855B-40AE-43CF-A9FD-76B3A03B6126}"
EndProject
Project("{FAE04EC0-301F-11D3-BF4B-00C04F79EFBC}") = "XamStarterKit.Forms.iOS", "XamStarterKit.Forms.iOS\XamStarterKit.Forms.iOS.csproj", "{8BA989E9-2A32-4D69-8FAC-4BBEBAFE66D7}"
EndProject
Project("{2150E333-8FDC-42A3-9474-1A3956D46DE8}") = "Samples", "Samples", "{F32C9D4C-7E28-4A4C-93D6-F44F5E5F1F39}"
EndProject
Project("{FAE04EC0-301F-11D3-BF4B-00C04F79EFBC}") = "XamStarterKit.Sample.Android", "Samples\XamStarterKit.Sample\XamStarterKit.Sample.Android\XamStarterKit.Sample.Android.csproj", "{5DA855F9-6B45-48EE-9602-308F63F7E916}"
EndProject
Project("{FAE04EC0-301F-11D3-BF4B-00C04F79EFBC}") = "XamStarterKit.Sample", "Samples\XamStarterKit.Sample\XamStarterKit.Sample\XamStarterKit.Sample.csproj", "{6BF61726-F82B-4E55-B637-A728865A3085}"
EndProject
Project("{FAE04EC0-301F-11D3-BF4B-00C04F79EFBC}") = "XamStarterKit.Sample.iOS", "Samples\XamStarterKit.Sample\XamStarterKit.Sample.iOS\XamStarterKit.Sample.iOS.csproj", "{66241875-8575-4FA3-BD0D-E0E587589885}"
EndProject
Global
	GlobalSection(SolutionConfigurationPlatforms) = preSolution
		Ad-Hoc|Any CPU = Ad-Hoc|Any CPU
		Ad-Hoc|iPhone = Ad-Hoc|iPhone
		Ad-Hoc|iPhoneSimulator = Ad-Hoc|iPhoneSimulator
		Ad-Hoc|x86 = Ad-Hoc|x86
		AppStore|Any CPU = AppStore|Any CPU
		AppStore|iPhone = AppStore|iPhone
		AppStore|iPhoneSimulator = AppStore|iPhoneSimulator
		AppStore|x86 = AppStore|x86
		Debug|Any CPU = Debug|Any CPU
		Debug|iPhone = Debug|iPhone
		Debug|iPhoneSimulator = Debug|iPhoneSimulator
		Debug|x86 = Debug|x86
		Release|Any CPU = Release|Any CPU
		Release|iPhone = Release|iPhone
		Release|iPhoneSimulator = Release|iPhoneSimulator
		Release|x86 = Release|x86
	EndGlobalSection
	GlobalSection(ProjectConfigurationPlatforms) = postSolution
		{81CC6DAA-6DBD-45FA-99E0-F56C6B09DEA1}.Ad-Hoc|Any CPU.ActiveCfg = Release|Any CPU
		{81CC6DAA-6DBD-45FA-99E0-F56C6B09DEA1}.Ad-Hoc|Any CPU.Build.0 = Release|Any CPU
		{81CC6DAA-6DBD-45FA-99E0-F56C6B09DEA1}.Ad-Hoc|iPhone.ActiveCfg = Release|Any CPU
		{81CC6DAA-6DBD-45FA-99E0-F56C6B09DEA1}.Ad-Hoc|iPhone.Build.0 = Release|Any CPU
		{81CC6DAA-6DBD-45FA-99E0-F56C6B09DEA1}.Ad-Hoc|iPhoneSimulator.ActiveCfg = Release|Any CPU
		{81CC6DAA-6DBD-45FA-99E0-F56C6B09DEA1}.Ad-Hoc|iPhoneSimulator.Build.0 = Release|Any CPU
		{81CC6DAA-6DBD-45FA-99E0-F56C6B09DEA1}.Ad-Hoc|x86.ActiveCfg = Debug|Any CPU
		{81CC6DAA-6DBD-45FA-99E0-F56C6B09DEA1}.Ad-Hoc|x86.Build.0 = Debug|Any CPU
		{81CC6DAA-6DBD-45FA-99E0-F56C6B09DEA1}.AppStore|Any CPU.ActiveCfg = Release|Any CPU
		{81CC6DAA-6DBD-45FA-99E0-F56C6B09DEA1}.AppStore|Any CPU.Build.0 = Release|Any CPU
		{81CC6DAA-6DBD-45FA-99E0-F56C6B09DEA1}.AppStore|iPhone.ActiveCfg = Release|Any CPU
		{81CC6DAA-6DBD-45FA-99E0-F56C6B09DEA1}.AppStore|iPhone.Build.0 = Release|Any CPU
		{81CC6DAA-6DBD-45FA-99E0-F56C6B09DEA1}.AppStore|iPhoneSimulator.ActiveCfg = Release|Any CPU
		{81CC6DAA-6DBD-45FA-99E0-F56C6B09DEA1}.AppStore|iPhoneSimulator.Build.0 = Release|Any CPU
		{81CC6DAA-6DBD-45FA-99E0-F56C6B09DEA1}.AppStore|x86.ActiveCfg = Debug|Any CPU
		{81CC6DAA-6DBD-45FA-99E0-F56C6B09DEA1}.AppStore|x86.Build.0 = Debug|Any CPU
		{81CC6DAA-6DBD-45FA-99E0-F56C6B09DEA1}.Debug|Any CPU.ActiveCfg = Debug|Any CPU
		{81CC6DAA-6DBD-45FA-99E0-F56C6B09DEA1}.Debug|Any CPU.Build.0 = Debug|Any CPU
		{81CC6DAA-6DBD-45FA-99E0-F56C6B09DEA1}.Debug|iPhone.ActiveCfg = Debug|Any CPU
		{81CC6DAA-6DBD-45FA-99E0-F56C6B09DEA1}.Debug|iPhone.Build.0 = Debug|Any CPU
		{81CC6DAA-6DBD-45FA-99E0-F56C6B09DEA1}.Debug|iPhoneSimulator.ActiveCfg = Debug|Any CPU
		{81CC6DAA-6DBD-45FA-99E0-F56C6B09DEA1}.Debug|iPhoneSimulator.Build.0 = Debug|Any CPU
		{81CC6DAA-6DBD-45FA-99E0-F56C6B09DEA1}.Debug|x86.ActiveCfg = Debug|Any CPU
		{81CC6DAA-6DBD-45FA-99E0-F56C6B09DEA1}.Debug|x86.Build.0 = Debug|Any CPU
		{81CC6DAA-6DBD-45FA-99E0-F56C6B09DEA1}.Release|Any CPU.ActiveCfg = Release|Any CPU
		{81CC6DAA-6DBD-45FA-99E0-F56C6B09DEA1}.Release|Any CPU.Build.0 = Release|Any CPU
		{81CC6DAA-6DBD-45FA-99E0-F56C6B09DEA1}.Release|iPhone.ActiveCfg = Release|Any CPU
		{81CC6DAA-6DBD-45FA-99E0-F56C6B09DEA1}.Release|iPhone.Build.0 = Release|Any CPU
		{81CC6DAA-6DBD-45FA-99E0-F56C6B09DEA1}.Release|iPhoneSimulator.ActiveCfg = Release|Any CPU
		{81CC6DAA-6DBD-45FA-99E0-F56C6B09DEA1}.Release|iPhoneSimulator.Build.0 = Release|Any CPU
		{81CC6DAA-6DBD-45FA-99E0-F56C6B09DEA1}.Release|x86.ActiveCfg = Release|Any CPU
		{81CC6DAA-6DBD-45FA-99E0-F56C6B09DEA1}.Release|x86.Build.0 = Release|Any CPU
		{A91047D5-3512-40EF-AEED-A41390DDA8D1}.Ad-Hoc|Any CPU.ActiveCfg = Release|Any CPU
		{A91047D5-3512-40EF-AEED-A41390DDA8D1}.Ad-Hoc|Any CPU.Build.0 = Release|Any CPU
		{A91047D5-3512-40EF-AEED-A41390DDA8D1}.Ad-Hoc|iPhone.ActiveCfg = Release|Any CPU
		{A91047D5-3512-40EF-AEED-A41390DDA8D1}.Ad-Hoc|iPhone.Build.0 = Release|Any CPU
		{A91047D5-3512-40EF-AEED-A41390DDA8D1}.Ad-Hoc|iPhoneSimulator.ActiveCfg = Release|Any CPU
		{A91047D5-3512-40EF-AEED-A41390DDA8D1}.Ad-Hoc|iPhoneSimulator.Build.0 = Release|Any CPU
		{A91047D5-3512-40EF-AEED-A41390DDA8D1}.Ad-Hoc|x86.ActiveCfg = Debug|Any CPU
		{A91047D5-3512-40EF-AEED-A41390DDA8D1}.Ad-Hoc|x86.Build.0 = Debug|Any CPU
		{A91047D5-3512-40EF-AEED-A41390DDA8D1}.AppStore|Any CPU.ActiveCfg = Release|Any CPU
		{A91047D5-3512-40EF-AEED-A41390DDA8D1}.AppStore|Any CPU.Build.0 = Release|Any CPU
		{A91047D5-3512-40EF-AEED-A41390DDA8D1}.AppStore|iPhone.ActiveCfg = Release|Any CPU
		{A91047D5-3512-40EF-AEED-A41390DDA8D1}.AppStore|iPhone.Build.0 = Release|Any CPU
		{A91047D5-3512-40EF-AEED-A41390DDA8D1}.AppStore|iPhoneSimulator.ActiveCfg = Release|Any CPU
		{A91047D5-3512-40EF-AEED-A41390DDA8D1}.AppStore|iPhoneSimulator.Build.0 = Release|Any CPU
		{A91047D5-3512-40EF-AEED-A41390DDA8D1}.AppStore|x86.ActiveCfg = Debug|Any CPU
		{A91047D5-3512-40EF-AEED-A41390DDA8D1}.AppStore|x86.Build.0 = Debug|Any CPU
		{A91047D5-3512-40EF-AEED-A41390DDA8D1}.Debug|Any CPU.ActiveCfg = Debug|Any CPU
		{A91047D5-3512-40EF-AEED-A41390DDA8D1}.Debug|Any CPU.Build.0 = Debug|Any CPU
		{A91047D5-3512-40EF-AEED-A41390DDA8D1}.Debug|iPhone.ActiveCfg = Debug|Any CPU
		{A91047D5-3512-40EF-AEED-A41390DDA8D1}.Debug|iPhone.Build.0 = Debug|Any CPU
		{A91047D5-3512-40EF-AEED-A41390DDA8D1}.Debug|iPhoneSimulator.ActiveCfg = Debug|Any CPU
		{A91047D5-3512-40EF-AEED-A41390DDA8D1}.Debug|iPhoneSimulator.Build.0 = Debug|Any CPU
		{A91047D5-3512-40EF-AEED-A41390DDA8D1}.Debug|x86.ActiveCfg = Debug|Any CPU
		{A91047D5-3512-40EF-AEED-A41390DDA8D1}.Debug|x86.Build.0 = Debug|Any CPU
		{A91047D5-3512-40EF-AEED-A41390DDA8D1}.Release|Any CPU.ActiveCfg = Release|Any CPU
		{A91047D5-3512-40EF-AEED-A41390DDA8D1}.Release|Any CPU.Build.0 = Release|Any CPU
		{A91047D5-3512-40EF-AEED-A41390DDA8D1}.Release|iPhone.ActiveCfg = Release|Any CPU
		{A91047D5-3512-40EF-AEED-A41390DDA8D1}.Release|iPhone.Build.0 = Release|Any CPU
		{A91047D5-3512-40EF-AEED-A41390DDA8D1}.Release|iPhoneSimulator.ActiveCfg = Release|Any CPU
		{A91047D5-3512-40EF-AEED-A41390DDA8D1}.Release|iPhoneSimulator.Build.0 = Release|Any CPU
		{A91047D5-3512-40EF-AEED-A41390DDA8D1}.Release|x86.ActiveCfg = Release|Any CPU
		{A91047D5-3512-40EF-AEED-A41390DDA8D1}.Release|x86.Build.0 = Release|Any CPU
		{6117855B-40AE-43CF-A9FD-76B3A03B6126}.Ad-Hoc|Any CPU.ActiveCfg = Release|Any CPU
		{6117855B-40AE-43CF-A9FD-76B3A03B6126}.Ad-Hoc|Any CPU.Build.0 = Release|Any CPU
		{6117855B-40AE-43CF-A9FD-76B3A03B6126}.Ad-Hoc|iPhone.ActiveCfg = Release|Any CPU
		{6117855B-40AE-43CF-A9FD-76B3A03B6126}.Ad-Hoc|iPhone.Build.0 = Release|Any CPU
		{6117855B-40AE-43CF-A9FD-76B3A03B6126}.Ad-Hoc|iPhoneSimulator.ActiveCfg = Release|Any CPU
		{6117855B-40AE-43CF-A9FD-76B3A03B6126}.Ad-Hoc|iPhoneSimulator.Build.0 = Release|Any CPU
		{6117855B-40AE-43CF-A9FD-76B3A03B6126}.Ad-Hoc|x86.ActiveCfg = Debug|Any CPU
		{6117855B-40AE-43CF-A9FD-76B3A03B6126}.Ad-Hoc|x86.Build.0 = Debug|Any CPU
		{6117855B-40AE-43CF-A9FD-76B3A03B6126}.AppStore|Any CPU.ActiveCfg = Release|Any CPU
		{6117855B-40AE-43CF-A9FD-76B3A03B6126}.AppStore|Any CPU.Build.0 = Release|Any CPU
		{6117855B-40AE-43CF-A9FD-76B3A03B6126}.AppStore|iPhone.ActiveCfg = Release|Any CPU
		{6117855B-40AE-43CF-A9FD-76B3A03B6126}.AppStore|iPhone.Build.0 = Release|Any CPU
		{6117855B-40AE-43CF-A9FD-76B3A03B6126}.AppStore|iPhoneSimulator.ActiveCfg = Release|Any CPU
		{6117855B-40AE-43CF-A9FD-76B3A03B6126}.AppStore|iPhoneSimulator.Build.0 = Release|Any CPU
		{6117855B-40AE-43CF-A9FD-76B3A03B6126}.AppStore|x86.ActiveCfg = Debug|Any CPU
		{6117855B-40AE-43CF-A9FD-76B3A03B6126}.AppStore|x86.Build.0 = Debug|Any CPU
		{6117855B-40AE-43CF-A9FD-76B3A03B6126}.Debug|Any CPU.ActiveCfg = Debug|Any CPU
		{6117855B-40AE-43CF-A9FD-76B3A03B6126}.Debug|Any CPU.Build.0 = Debug|Any CPU
		{6117855B-40AE-43CF-A9FD-76B3A03B6126}.Debug|iPhone.ActiveCfg = Debug|Any CPU
		{6117855B-40AE-43CF-A9FD-76B3A03B6126}.Debug|iPhone.Build.0 = Debug|Any CPU
		{6117855B-40AE-43CF-A9FD-76B3A03B6126}.Debug|iPhoneSimulator.ActiveCfg = Debug|Any CPU
		{6117855B-40AE-43CF-A9FD-76B3A03B6126}.Debug|iPhoneSimulator.Build.0 = Debug|Any CPU
		{6117855B-40AE-43CF-A9FD-76B3A03B6126}.Debug|x86.ActiveCfg = Debug|Any CPU
		{6117855B-40AE-43CF-A9FD-76B3A03B6126}.Debug|x86.Build.0 = Debug|Any CPU
		{6117855B-40AE-43CF-A9FD-76B3A03B6126}.Release|Any CPU.ActiveCfg = Release|Any CPU
		{6117855B-40AE-43CF-A9FD-76B3A03B6126}.Release|Any CPU.Build.0 = Release|Any CPU
		{6117855B-40AE-43CF-A9FD-76B3A03B6126}.Release|iPhone.ActiveCfg = Release|Any CPU
		{6117855B-40AE-43CF-A9FD-76B3A03B6126}.Release|iPhone.Build.0 = Release|Any CPU
		{6117855B-40AE-43CF-A9FD-76B3A03B6126}.Release|iPhoneSimulator.ActiveCfg = Release|Any CPU
		{6117855B-40AE-43CF-A9FD-76B3A03B6126}.Release|iPhoneSimulator.Build.0 = Release|Any CPU
		{6117855B-40AE-43CF-A9FD-76B3A03B6126}.Release|x86.ActiveCfg = Release|Any CPU
		{6117855B-40AE-43CF-A9FD-76B3A03B6126}.Release|x86.Build.0 = Release|Any CPU
		{8BA989E9-2A32-4D69-8FAC-4BBEBAFE66D7}.Ad-Hoc|Any CPU.ActiveCfg = Release|Any CPU
		{8BA989E9-2A32-4D69-8FAC-4BBEBAFE66D7}.Ad-Hoc|Any CPU.Build.0 = Release|Any CPU
		{8BA989E9-2A32-4D69-8FAC-4BBEBAFE66D7}.Ad-Hoc|iPhone.ActiveCfg = Release|Any CPU
		{8BA989E9-2A32-4D69-8FAC-4BBEBAFE66D7}.Ad-Hoc|iPhone.Build.0 = Release|Any CPU
		{8BA989E9-2A32-4D69-8FAC-4BBEBAFE66D7}.Ad-Hoc|iPhoneSimulator.ActiveCfg = Release|Any CPU
		{8BA989E9-2A32-4D69-8FAC-4BBEBAFE66D7}.Ad-Hoc|iPhoneSimulator.Build.0 = Release|Any CPU
		{8BA989E9-2A32-4D69-8FAC-4BBEBAFE66D7}.Ad-Hoc|x86.ActiveCfg = Debug|Any CPU
		{8BA989E9-2A32-4D69-8FAC-4BBEBAFE66D7}.Ad-Hoc|x86.Build.0 = Debug|Any CPU
		{8BA989E9-2A32-4D69-8FAC-4BBEBAFE66D7}.AppStore|Any CPU.ActiveCfg = Release|Any CPU
		{8BA989E9-2A32-4D69-8FAC-4BBEBAFE66D7}.AppStore|Any CPU.Build.0 = Release|Any CPU
		{8BA989E9-2A32-4D69-8FAC-4BBEBAFE66D7}.AppStore|iPhone.ActiveCfg = Release|Any CPU
		{8BA989E9-2A32-4D69-8FAC-4BBEBAFE66D7}.AppStore|iPhone.Build.0 = Release|Any CPU
		{8BA989E9-2A32-4D69-8FAC-4BBEBAFE66D7}.AppStore|iPhoneSimulator.ActiveCfg = Release|Any CPU
		{8BA989E9-2A32-4D69-8FAC-4BBEBAFE66D7}.AppStore|iPhoneSimulator.Build.0 = Release|Any CPU
		{8BA989E9-2A32-4D69-8FAC-4BBEBAFE66D7}.AppStore|x86.ActiveCfg = Debug|Any CPU
		{8BA989E9-2A32-4D69-8FAC-4BBEBAFE66D7}.AppStore|x86.Build.0 = Debug|Any CPU
		{8BA989E9-2A32-4D69-8FAC-4BBEBAFE66D7}.Debug|Any CPU.ActiveCfg = Debug|Any CPU
		{8BA989E9-2A32-4D69-8FAC-4BBEBAFE66D7}.Debug|Any CPU.Build.0 = Debug|Any CPU
		{8BA989E9-2A32-4D69-8FAC-4BBEBAFE66D7}.Debug|iPhone.ActiveCfg = Debug|Any CPU
		{8BA989E9-2A32-4D69-8FAC-4BBEBAFE66D7}.Debug|iPhone.Build.0 = Debug|Any CPU
		{8BA989E9-2A32-4D69-8FAC-4BBEBAFE66D7}.Debug|iPhoneSimulator.ActiveCfg = Debug|Any CPU
		{8BA989E9-2A32-4D69-8FAC-4BBEBAFE66D7}.Debug|iPhoneSimulator.Build.0 = Debug|Any CPU
		{8BA989E9-2A32-4D69-8FAC-4BBEBAFE66D7}.Debug|x86.ActiveCfg = Debug|Any CPU
		{8BA989E9-2A32-4D69-8FAC-4BBEBAFE66D7}.Debug|x86.Build.0 = Debug|Any CPU
		{8BA989E9-2A32-4D69-8FAC-4BBEBAFE66D7}.Release|Any CPU.ActiveCfg = Release|Any CPU
		{8BA989E9-2A32-4D69-8FAC-4BBEBAFE66D7}.Release|Any CPU.Build.0 = Release|Any CPU
		{8BA989E9-2A32-4D69-8FAC-4BBEBAFE66D7}.Release|iPhone.ActiveCfg = Release|Any CPU
		{8BA989E9-2A32-4D69-8FAC-4BBEBAFE66D7}.Release|iPhone.Build.0 = Release|Any CPU
		{8BA989E9-2A32-4D69-8FAC-4BBEBAFE66D7}.Release|iPhoneSimulator.ActiveCfg = Release|Any CPU
		{8BA989E9-2A32-4D69-8FAC-4BBEBAFE66D7}.Release|iPhoneSimulator.Build.0 = Release|Any CPU
		{8BA989E9-2A32-4D69-8FAC-4BBEBAFE66D7}.Release|x86.ActiveCfg = Release|Any CPU
		{8BA989E9-2A32-4D69-8FAC-4BBEBAFE66D7}.Release|x86.Build.0 = Release|Any CPU
		{5DA855F9-6B45-48EE-9602-308F63F7E916}.Ad-Hoc|Any CPU.ActiveCfg = Release|Any CPU
		{5DA855F9-6B45-48EE-9602-308F63F7E916}.Ad-Hoc|Any CPU.Build.0 = Release|Any CPU
		{5DA855F9-6B45-48EE-9602-308F63F7E916}.Ad-Hoc|Any CPU.Deploy.0 = Release|Any CPU
		{5DA855F9-6B45-48EE-9602-308F63F7E916}.Ad-Hoc|iPhone.ActiveCfg = Release|Any CPU
		{5DA855F9-6B45-48EE-9602-308F63F7E916}.Ad-Hoc|iPhone.Build.0 = Release|Any CPU
		{5DA855F9-6B45-48EE-9602-308F63F7E916}.Ad-Hoc|iPhone.Deploy.0 = Release|Any CPU
		{5DA855F9-6B45-48EE-9602-308F63F7E916}.Ad-Hoc|iPhoneSimulator.ActiveCfg = Release|Any CPU
		{5DA855F9-6B45-48EE-9602-308F63F7E916}.Ad-Hoc|iPhoneSimulator.Build.0 = Release|Any CPU
		{5DA855F9-6B45-48EE-9602-308F63F7E916}.Ad-Hoc|iPhoneSimulator.Deploy.0 = Release|Any CPU
		{5DA855F9-6B45-48EE-9602-308F63F7E916}.Ad-Hoc|x86.ActiveCfg = Debug|Any CPU
		{5DA855F9-6B45-48EE-9602-308F63F7E916}.Ad-Hoc|x86.Build.0 = Debug|Any CPU
		{5DA855F9-6B45-48EE-9602-308F63F7E916}.Ad-Hoc|x86.Deploy.0 = Debug|Any CPU
		{5DA855F9-6B45-48EE-9602-308F63F7E916}.AppStore|Any CPU.ActiveCfg = Release|Any CPU
		{5DA855F9-6B45-48EE-9602-308F63F7E916}.AppStore|Any CPU.Build.0 = Release|Any CPU
		{5DA855F9-6B45-48EE-9602-308F63F7E916}.AppStore|Any CPU.Deploy.0 = Release|Any CPU
		{5DA855F9-6B45-48EE-9602-308F63F7E916}.AppStore|iPhone.ActiveCfg = Release|Any CPU
		{5DA855F9-6B45-48EE-9602-308F63F7E916}.AppStore|iPhone.Build.0 = Release|Any CPU
		{5DA855F9-6B45-48EE-9602-308F63F7E916}.AppStore|iPhone.Deploy.0 = Release|Any CPU
		{5DA855F9-6B45-48EE-9602-308F63F7E916}.AppStore|iPhoneSimulator.ActiveCfg = Release|Any CPU
		{5DA855F9-6B45-48EE-9602-308F63F7E916}.AppStore|iPhoneSimulator.Build.0 = Release|Any CPU
		{5DA855F9-6B45-48EE-9602-308F63F7E916}.AppStore|iPhoneSimulator.Deploy.0 = Release|Any CPU
		{5DA855F9-6B45-48EE-9602-308F63F7E916}.AppStore|x86.ActiveCfg = Debug|Any CPU
		{5DA855F9-6B45-48EE-9602-308F63F7E916}.AppStore|x86.Build.0 = Debug|Any CPU
		{5DA855F9-6B45-48EE-9602-308F63F7E916}.AppStore|x86.Deploy.0 = Debug|Any CPU
		{5DA855F9-6B45-48EE-9602-308F63F7E916}.Debug|Any CPU.ActiveCfg = Debug|Any CPU
		{5DA855F9-6B45-48EE-9602-308F63F7E916}.Debug|Any CPU.Build.0 = Debug|Any CPU
		{5DA855F9-6B45-48EE-9602-308F63F7E916}.Debug|Any CPU.Deploy.0 = Debug|Any CPU
		{5DA855F9-6B45-48EE-9602-308F63F7E916}.Debug|iPhone.ActiveCfg = Debug|Any CPU
		{5DA855F9-6B45-48EE-9602-308F63F7E916}.Debug|iPhone.Build.0 = Debug|Any CPU
		{5DA855F9-6B45-48EE-9602-308F63F7E916}.Debug|iPhone.Deploy.0 = Debug|Any CPU
		{5DA855F9-6B45-48EE-9602-308F63F7E916}.Debug|iPhoneSimulator.ActiveCfg = Debug|Any CPU
		{5DA855F9-6B45-48EE-9602-308F63F7E916}.Debug|iPhoneSimulator.Build.0 = Debug|Any CPU
		{5DA855F9-6B45-48EE-9602-308F63F7E916}.Debug|iPhoneSimulator.Deploy.0 = Debug|Any CPU
		{5DA855F9-6B45-48EE-9602-308F63F7E916}.Debug|x86.ActiveCfg = Debug|Any CPU
		{5DA855F9-6B45-48EE-9602-308F63F7E916}.Debug|x86.Build.0 = Debug|Any CPU
		{5DA855F9-6B45-48EE-9602-308F63F7E916}.Debug|x86.Deploy.0 = Debug|Any CPU
		{5DA855F9-6B45-48EE-9602-308F63F7E916}.Release|Any CPU.ActiveCfg = Release|Any CPU
		{5DA855F9-6B45-48EE-9602-308F63F7E916}.Release|Any CPU.Build.0 = Release|Any CPU
		{5DA855F9-6B45-48EE-9602-308F63F7E916}.Release|Any CPU.Deploy.0 = Release|Any CPU
		{5DA855F9-6B45-48EE-9602-308F63F7E916}.Release|iPhone.ActiveCfg = Release|Any CPU
		{5DA855F9-6B45-48EE-9602-308F63F7E916}.Release|iPhone.Build.0 = Release|Any CPU
		{5DA855F9-6B45-48EE-9602-308F63F7E916}.Release|iPhone.Deploy.0 = Release|Any CPU
		{5DA855F9-6B45-48EE-9602-308F63F7E916}.Release|iPhoneSimulator.ActiveCfg = Release|Any CPU
		{5DA855F9-6B45-48EE-9602-308F63F7E916}.Release|iPhoneSimulator.Build.0 = Release|Any CPU
		{5DA855F9-6B45-48EE-9602-308F63F7E916}.Release|iPhoneSimulator.Deploy.0 = Release|Any CPU
		{5DA855F9-6B45-48EE-9602-308F63F7E916}.Release|x86.ActiveCfg = Release|Any CPU
		{5DA855F9-6B45-48EE-9602-308F63F7E916}.Release|x86.Build.0 = Release|Any CPU
		{5DA855F9-6B45-48EE-9602-308F63F7E916}.Release|x86.Deploy.0 = Release|Any CPU
		{6BF61726-F82B-4E55-B637-A728865A3085}.Ad-Hoc|Any CPU.ActiveCfg = Release|Any CPU
		{6BF61726-F82B-4E55-B637-A728865A3085}.Ad-Hoc|Any CPU.Build.0 = Release|Any CPU
		{6BF61726-F82B-4E55-B637-A728865A3085}.Ad-Hoc|iPhone.ActiveCfg = Release|Any CPU
		{6BF61726-F82B-4E55-B637-A728865A3085}.Ad-Hoc|iPhone.Build.0 = Release|Any CPU
		{6BF61726-F82B-4E55-B637-A728865A3085}.Ad-Hoc|iPhoneSimulator.ActiveCfg = Release|Any CPU
		{6BF61726-F82B-4E55-B637-A728865A3085}.Ad-Hoc|iPhoneSimulator.Build.0 = Release|Any CPU
		{6BF61726-F82B-4E55-B637-A728865A3085}.Ad-Hoc|x86.ActiveCfg = Debug|Any CPU
		{6BF61726-F82B-4E55-B637-A728865A3085}.Ad-Hoc|x86.Build.0 = Debug|Any CPU
		{6BF61726-F82B-4E55-B637-A728865A3085}.AppStore|Any CPU.ActiveCfg = Release|Any CPU
		{6BF61726-F82B-4E55-B637-A728865A3085}.AppStore|Any CPU.Build.0 = Release|Any CPU
		{6BF61726-F82B-4E55-B637-A728865A3085}.AppStore|iPhone.ActiveCfg = Release|Any CPU
		{6BF61726-F82B-4E55-B637-A728865A3085}.AppStore|iPhone.Build.0 = Release|Any CPU
		{6BF61726-F82B-4E55-B637-A728865A3085}.AppStore|iPhoneSimulator.ActiveCfg = Release|Any CPU
		{6BF61726-F82B-4E55-B637-A728865A3085}.AppStore|iPhoneSimulator.Build.0 = Release|Any CPU
		{6BF61726-F82B-4E55-B637-A728865A3085}.AppStore|x86.ActiveCfg = Debug|Any CPU
		{6BF61726-F82B-4E55-B637-A728865A3085}.AppStore|x86.Build.0 = Debug|Any CPU
		{6BF61726-F82B-4E55-B637-A728865A3085}.Debug|Any CPU.ActiveCfg = Debug|Any CPU
		{6BF61726-F82B-4E55-B637-A728865A3085}.Debug|Any CPU.Build.0 = Debug|Any CPU
		{6BF61726-F82B-4E55-B637-A728865A3085}.Debug|iPhone.ActiveCfg = Debug|Any CPU
		{6BF61726-F82B-4E55-B637-A728865A3085}.Debug|iPhone.Build.0 = Debug|Any CPU
		{6BF61726-F82B-4E55-B637-A728865A3085}.Debug|iPhoneSimulator.ActiveCfg = Debug|Any CPU
		{6BF61726-F82B-4E55-B637-A728865A3085}.Debug|iPhoneSimulator.Build.0 = Debug|Any CPU
		{6BF61726-F82B-4E55-B637-A728865A3085}.Debug|x86.ActiveCfg = Debug|Any CPU
		{6BF61726-F82B-4E55-B637-A728865A3085}.Debug|x86.Build.0 = Debug|Any CPU
		{6BF61726-F82B-4E55-B637-A728865A3085}.Release|Any CPU.ActiveCfg = Release|Any CPU
		{6BF61726-F82B-4E55-B637-A728865A3085}.Release|Any CPU.Build.0 = Release|Any CPU
		{6BF61726-F82B-4E55-B637-A728865A3085}.Release|iPhone.ActiveCfg = Release|Any CPU
		{6BF61726-F82B-4E55-B637-A728865A3085}.Release|iPhone.Build.0 = Release|Any CPU
		{6BF61726-F82B-4E55-B637-A728865A3085}.Release|iPhoneSimulator.ActiveCfg = Release|Any CPU
		{6BF61726-F82B-4E55-B637-A728865A3085}.Release|iPhoneSimulator.Build.0 = Release|Any CPU
		{6BF61726-F82B-4E55-B637-A728865A3085}.Release|x86.ActiveCfg = Release|Any CPU
		{6BF61726-F82B-4E55-B637-A728865A3085}.Release|x86.Build.0 = Release|Any CPU
		{66241875-8575-4FA3-BD0D-E0E587589885}.Ad-Hoc|Any CPU.ActiveCfg = Ad-Hoc|iPhone
		{66241875-8575-4FA3-BD0D-E0E587589885}.Ad-Hoc|iPhone.ActiveCfg = Ad-Hoc|iPhone
		{66241875-8575-4FA3-BD0D-E0E587589885}.Ad-Hoc|iPhone.Build.0 = Ad-Hoc|iPhone
		{66241875-8575-4FA3-BD0D-E0E587589885}.Ad-Hoc|iPhoneSimulator.ActiveCfg = Ad-Hoc|iPhoneSimulator
		{66241875-8575-4FA3-BD0D-E0E587589885}.Ad-Hoc|iPhoneSimulator.Build.0 = Ad-Hoc|iPhoneSimulator
		{66241875-8575-4FA3-BD0D-E0E587589885}.Ad-Hoc|x86.ActiveCfg = Ad-Hoc|iPhoneSimulator
		{66241875-8575-4FA3-BD0D-E0E587589885}.AppStore|Any CPU.ActiveCfg = AppStore|iPhone
		{66241875-8575-4FA3-BD0D-E0E587589885}.AppStore|iPhone.ActiveCfg = AppStore|iPhone
		{66241875-8575-4FA3-BD0D-E0E587589885}.AppStore|iPhone.Build.0 = AppStore|iPhone
		{66241875-8575-4FA3-BD0D-E0E587589885}.AppStore|iPhoneSimulator.ActiveCfg = AppStore|iPhoneSimulator
		{66241875-8575-4FA3-BD0D-E0E587589885}.AppStore|iPhoneSimulator.Build.0 = AppStore|iPhoneSimulator
		{66241875-8575-4FA3-BD0D-E0E587589885}.AppStore|x86.ActiveCfg = AppStore|iPhoneSimulator
		{66241875-8575-4FA3-BD0D-E0E587589885}.Debug|Any CPU.ActiveCfg = Debug|iPhone
		{66241875-8575-4FA3-BD0D-E0E587589885}.Debug|iPhone.ActiveCfg = Debug|iPhone
		{66241875-8575-4FA3-BD0D-E0E587589885}.Debug|iPhone.Build.0 = Debug|iPhone
		{66241875-8575-4FA3-BD0D-E0E587589885}.Debug|iPhoneSimulator.ActiveCfg = Debug|iPhoneSimulator
		{66241875-8575-4FA3-BD0D-E0E587589885}.Debug|iPhoneSimulator.Build.0 = Debug|iPhoneSimulator
		{66241875-8575-4FA3-BD0D-E0E587589885}.Debug|x86.ActiveCfg = Debug|iPhoneSimulator
		{66241875-8575-4FA3-BD0D-E0E587589885}.Release|Any CPU.ActiveCfg = Release|iPhone
		{66241875-8575-4FA3-BD0D-E0E587589885}.Release|iPhone.ActiveCfg = Release|iPhone
		{66241875-8575-4FA3-BD0D-E0E587589885}.Release|iPhone.Build.0 = Release|iPhone
		{66241875-8575-4FA3-BD0D-E0E587589885}.Release|iPhoneSimulator.ActiveCfg = Release|iPhoneSimulator
		{66241875-8575-4FA3-BD0D-E0E587589885}.Release|iPhoneSimulator.Build.0 = Release|iPhoneSimulator
		{66241875-8575-4FA3-BD0D-E0E587589885}.Release|x86.ActiveCfg = Release|iPhoneSimulator
	EndGlobalSection
	GlobalSection(SolutionProperties) = preSolution
		HideSolutionNode = FALSE
	EndGlobalSection
	GlobalSection(NestedProjects) = preSolution
		{A91047D5-3512-40EF-AEED-A41390DDA8D1} = {54F63C79-229D-4691-A87F-E5B7E3512BAF}
		{6117855B-40AE-43CF-A9FD-76B3A03B6126} = {54F63C79-229D-4691-A87F-E5B7E3512BAF}
		{8BA989E9-2A32-4D69-8FAC-4BBEBAFE66D7} = {54F63C79-229D-4691-A87F-E5B7E3512BAF}
		{5DA855F9-6B45-48EE-9602-308F63F7E916} = {F32C9D4C-7E28-4A4C-93D6-F44F5E5F1F39}
		{6BF61726-F82B-4E55-B637-A728865A3085} = {F32C9D4C-7E28-4A4C-93D6-F44F5E5F1F39}
		{66241875-8575-4FA3-BD0D-E0E587589885} = {F32C9D4C-7E28-4A4C-93D6-F44F5E5F1F39}
	EndGlobalSection
	GlobalSection(ExtensibilityGlobals) = postSolution
		SolutionGuid = {8C31FAD9-E425-4DA1-9DEE-1DC2352C2297}
	EndGlobalSection
EndGlobal
