
Microsoft Visual Studio Solution File, Format Version 12.00
# Visual Studio 15
VisualStudioVersion = 15.0.27019.1
MinimumVisualStudioVersion = 10.0.40219.1
Project("{FAE04EC0-301F-11D3-BF4B-00C04F79EFBC}") = "XamStarterKit", "XamStarterKit\XamStarterKit.csproj", "{931F8655-BF34-4F25-858D-042DAA15D3AF}"
EndProject
Global
	GlobalSection(SolutionConfigurationPlatforms) = preSolution
		Debug|Any CPU = Debug|Any CPU
		Release|Any CPU = Release|Any CPU
	EndGlobalSection
	GlobalSection(ProjectConfigurationPlatforms) = postSolution
		{931F8655-BF34-4F25-858D-042DAA15D3AF}.Debug|Any CPU.ActiveCfg = Debug|Any CPU
		{931F8655-BF34-4F25-858D-042DAA15D3AF}.Debug|Any CPU.Build.0 = Debug|Any CPU
		{931F8655-BF34-4F25-858D-042DAA15D3AF}.Release|Any CPU.ActiveCfg = Release|Any CPU
		{931F8655-BF34-4F25-858D-042DAA15D3AF}.Release|Any CPU.Build.0 = Release|Any CPU
	EndGlobalSection
	GlobalSection(SolutionProperties) = preSolution
		HideSolutionNode = FALSE
	EndGlobalSection
	GlobalSection(ExtensibilityGlobals) = postSolution
		SolutionGuid = {367BD7B7-E413-483E-B945-A6A66529B2A9}
	EndGlobalSection
EndGlobal
